
Microsoft Visual Studio Solution File, Format Version 12.00
# Visual Studio Version 16
VisualStudioVersion = 16.0.30611.23
MinimumVisualStudioVersion = 15.0.26124.0
Project("{FAE04EC0-301F-11D3-BF4B-00C04F79EFBC}") = "PublicClass", "PublicClass\PublicClass.csproj", "{C63FEC02-6878-4A8F-AE6A-D21F9DB35A98}"
EndProject
Project("{FAE04EC0-301F-11D3-BF4B-00C04F79EFBC}") = "PublicSealedClass", "PublicSealedClass\PublicSealedClass.csproj", "{D4BFFE06-CC22-42CF-A25E-272B0FEAC7FA}"
EndProject
Project("{FAE04EC0-301F-11D3-BF4B-00C04F79EFBC}") = "PublicAbstractClass", "PublicAbstractClass\PublicAbstractClass.csproj", "{2EA10E05-873A-46D4-9432-10FC1B6CC244}"
EndProject
Project("{FAE04EC0-301F-11D3-BF4B-00C04F79EFBC}") = "InternalClass", "InternalClass\InternalClass.csproj", "{43E3A0AB-1CC8-4744-B3FC-DC8018B43D48}"
EndProject
Project("{FAE04EC0-301F-11D3-BF4B-00C04F79EFBC}") = "PublicStaticClass", "PublicStaticClass\PublicStaticClass.csproj", "{41FA47AD-2A91-4887-9BB3-5CCFFFA606BB}"
EndProject
Project("{FAE04EC0-301F-11D3-BF4B-00C04F79EFBC}") = "ExtensionsClass", "ExtensionsClass\ExtensionsClass.csproj", "{083D654F-7FC5-47E6-8FEF-6CEDC8BA0962}"
EndProject
Project("{FAE04EC0-301F-11D3-BF4B-00C04F79EFBC}") = "Interface", "Interface\Interface.csproj", "{F2BFB60F-FCA4-4115-8D72-88A213B97006}"
EndProject
Project("{FAE04EC0-301F-11D3-BF4B-00C04F79EFBC}") = "Enum", "Enum\Enum.csproj", "{92AFD9C3-EB6B-415F-B028-CC4809ADDAC8}"
EndProject
Project("{FAE04EC0-301F-11D3-BF4B-00C04F79EFBC}") = "Delegate", "Delegate\Delegate.csproj", "{59E1B735-9079-47D1-B4D6-FDCE0EDC703C}"
EndProject
Project("{FAE04EC0-301F-11D3-BF4B-00C04F79EFBC}") = "CSharpTemplates.Vsix", "CSharpTemplates.Vsix\CSharpTemplates.Vsix.csproj", "{3B659EB2-DAEE-4A9C-8DDD-5BFB6A7A6669}"
EndProject
Global
	GlobalSection(SolutionConfigurationPlatforms) = preSolution
		Debug|Any CPU = Debug|Any CPU
		Debug|x64 = Debug|x64
		Debug|x86 = Debug|x86
		Release|Any CPU = Release|Any CPU
		Release|x64 = Release|x64
		Release|x86 = Release|x86
	EndGlobalSection
	GlobalSection(ProjectConfigurationPlatforms) = postSolution
		{C63FEC02-6878-4A8F-AE6A-D21F9DB35A98}.Debug|Any CPU.ActiveCfg = Debug|Any CPU
		{C63FEC02-6878-4A8F-AE6A-D21F9DB35A98}.Debug|Any CPU.Build.0 = Debug|Any CPU
		{C63FEC02-6878-4A8F-AE6A-D21F9DB35A98}.Debug|x64.ActiveCfg = Debug|Any CPU
		{C63FEC02-6878-4A8F-AE6A-D21F9DB35A98}.Debug|x64.Build.0 = Debug|Any CPU
		{C63FEC02-6878-4A8F-AE6A-D21F9DB35A98}.Debug|x86.ActiveCfg = Debug|Any CPU
		{C63FEC02-6878-4A8F-AE6A-D21F9DB35A98}.Debug|x86.Build.0 = Debug|Any CPU
		{C63FEC02-6878-4A8F-AE6A-D21F9DB35A98}.Release|Any CPU.ActiveCfg = Release|Any CPU
		{C63FEC02-6878-4A8F-AE6A-D21F9DB35A98}.Release|Any CPU.Build.0 = Release|Any CPU
		{C63FEC02-6878-4A8F-AE6A-D21F9DB35A98}.Release|x64.ActiveCfg = Release|Any CPU
		{C63FEC02-6878-4A8F-AE6A-D21F9DB35A98}.Release|x64.Build.0 = Release|Any CPU
		{C63FEC02-6878-4A8F-AE6A-D21F9DB35A98}.Release|x86.ActiveCfg = Release|Any CPU
		{C63FEC02-6878-4A8F-AE6A-D21F9DB35A98}.Release|x86.Build.0 = Release|Any CPU
		{D4BFFE06-CC22-42CF-A25E-272B0FEAC7FA}.Debug|Any CPU.ActiveCfg = Debug|Any CPU
		{D4BFFE06-CC22-42CF-A25E-272B0FEAC7FA}.Debug|Any CPU.Build.0 = Debug|Any CPU
		{D4BFFE06-CC22-42CF-A25E-272B0FEAC7FA}.Debug|x64.ActiveCfg = Debug|Any CPU
		{D4BFFE06-CC22-42CF-A25E-272B0FEAC7FA}.Debug|x64.Build.0 = Debug|Any CPU
		{D4BFFE06-CC22-42CF-A25E-272B0FEAC7FA}.Debug|x86.ActiveCfg = Debug|Any CPU
		{D4BFFE06-CC22-42CF-A25E-272B0FEAC7FA}.Debug|x86.Build.0 = Debug|Any CPU
		{D4BFFE06-CC22-42CF-A25E-272B0FEAC7FA}.Release|Any CPU.ActiveCfg = Release|Any CPU
		{D4BFFE06-CC22-42CF-A25E-272B0FEAC7FA}.Release|Any CPU.Build.0 = Release|Any CPU
		{D4BFFE06-CC22-42CF-A25E-272B0FEAC7FA}.Release|x64.ActiveCfg = Release|Any CPU
		{D4BFFE06-CC22-42CF-A25E-272B0FEAC7FA}.Release|x64.Build.0 = Release|Any CPU
		{D4BFFE06-CC22-42CF-A25E-272B0FEAC7FA}.Release|x86.ActiveCfg = Release|Any CPU
		{D4BFFE06-CC22-42CF-A25E-272B0FEAC7FA}.Release|x86.Build.0 = Release|Any CPU
		{2EA10E05-873A-46D4-9432-10FC1B6CC244}.Debug|Any CPU.ActiveCfg = Debug|Any CPU
		{2EA10E05-873A-46D4-9432-10FC1B6CC244}.Debug|Any CPU.Build.0 = Debug|Any CPU
		{2EA10E05-873A-46D4-9432-10FC1B6CC244}.Debug|x64.ActiveCfg = Debug|Any CPU
		{2EA10E05-873A-46D4-9432-10FC1B6CC244}.Debug|x64.Build.0 = Debug|Any CPU
		{2EA10E05-873A-46D4-9432-10FC1B6CC244}.Debug|x86.ActiveCfg = Debug|Any CPU
		{2EA10E05-873A-46D4-9432-10FC1B6CC244}.Debug|x86.Build.0 = Debug|Any CPU
		{2EA10E05-873A-46D4-9432-10FC1B6CC244}.Release|Any CPU.ActiveCfg = Release|Any CPU
		{2EA10E05-873A-46D4-9432-10FC1B6CC244}.Release|Any CPU.Build.0 = Release|Any CPU
		{2EA10E05-873A-46D4-9432-10FC1B6CC244}.Release|x64.ActiveCfg = Release|Any CPU
		{2EA10E05-873A-46D4-9432-10FC1B6CC244}.Release|x64.Build.0 = Release|Any CPU
		{2EA10E05-873A-46D4-9432-10FC1B6CC244}.Release|x86.ActiveCfg = Release|Any CPU
		{2EA10E05-873A-46D4-9432-10FC1B6CC244}.Release|x86.Build.0 = Release|Any CPU
		{43E3A0AB-1CC8-4744-B3FC-DC8018B43D48}.Debug|Any CPU.ActiveCfg = Debug|Any CPU
		{43E3A0AB-1CC8-4744-B3FC-DC8018B43D48}.Debug|Any CPU.Build.0 = Debug|Any CPU
		{43E3A0AB-1CC8-4744-B3FC-DC8018B43D48}.Debug|x64.ActiveCfg = Debug|Any CPU
		{43E3A0AB-1CC8-4744-B3FC-DC8018B43D48}.Debug|x64.Build.0 = Debug|Any CPU
		{43E3A0AB-1CC8-4744-B3FC-DC8018B43D48}.Debug|x86.ActiveCfg = Debug|Any CPU
		{43E3A0AB-1CC8-4744-B3FC-DC8018B43D48}.Debug|x86.Build.0 = Debug|Any CPU
		{43E3A0AB-1CC8-4744-B3FC-DC8018B43D48}.Release|Any CPU.ActiveCfg = Release|Any CPU
		{43E3A0AB-1CC8-4744-B3FC-DC8018B43D48}.Release|Any CPU.Build.0 = Release|Any CPU
		{43E3A0AB-1CC8-4744-B3FC-DC8018B43D48}.Release|x64.ActiveCfg = Release|Any CPU
		{43E3A0AB-1CC8-4744-B3FC-DC8018B43D48}.Release|x64.Build.0 = Release|Any CPU
		{43E3A0AB-1CC8-4744-B3FC-DC8018B43D48}.Release|x86.ActiveCfg = Release|Any CPU
		{43E3A0AB-1CC8-4744-B3FC-DC8018B43D48}.Release|x86.Build.0 = Release|Any CPU
		{41FA47AD-2A91-4887-9BB3-5CCFFFA606BB}.Debug|Any CPU.ActiveCfg = Debug|Any CPU
		{41FA47AD-2A91-4887-9BB3-5CCFFFA606BB}.Debug|Any CPU.Build.0 = Debug|Any CPU
		{41FA47AD-2A91-4887-9BB3-5CCFFFA606BB}.Debug|x64.ActiveCfg = Debug|Any CPU
		{41FA47AD-2A91-4887-9BB3-5CCFFFA606BB}.Debug|x64.Build.0 = Debug|Any CPU
		{41FA47AD-2A91-4887-9BB3-5CCFFFA606BB}.Debug|x86.ActiveCfg = Debug|Any CPU
		{41FA47AD-2A91-4887-9BB3-5CCFFFA606BB}.Debug|x86.Build.0 = Debug|Any CPU
		{41FA47AD-2A91-4887-9BB3-5CCFFFA606BB}.Release|Any CPU.ActiveCfg = Release|Any CPU
		{41FA47AD-2A91-4887-9BB3-5CCFFFA606BB}.Release|Any CPU.Build.0 = Release|Any CPU
		{41FA47AD-2A91-4887-9BB3-5CCFFFA606BB}.Release|x64.ActiveCfg = Release|Any CPU
		{41FA47AD-2A91-4887-9BB3-5CCFFFA606BB}.Release|x64.Build.0 = Release|Any CPU
		{41FA47AD-2A91-4887-9BB3-5CCFFFA606BB}.Release|x86.ActiveCfg = Release|Any CPU
		{41FA47AD-2A91-4887-9BB3-5CCFFFA606BB}.Release|x86.Build.0 = Release|Any CPU
		{083D654F-7FC5-47E6-8FEF-6CEDC8BA0962}.Debug|Any CPU.ActiveCfg = Debug|Any CPU
		{083D654F-7FC5-47E6-8FEF-6CEDC8BA0962}.Debug|Any CPU.Build.0 = Debug|Any CPU
		{083D654F-7FC5-47E6-8FEF-6CEDC8BA0962}.Debug|x64.ActiveCfg = Debug|Any CPU
		{083D654F-7FC5-47E6-8FEF-6CEDC8BA0962}.Debug|x64.Build.0 = Debug|Any CPU
		{083D654F-7FC5-47E6-8FEF-6CEDC8BA0962}.Debug|x86.ActiveCfg = Debug|Any CPU
		{083D654F-7FC5-47E6-8FEF-6CEDC8BA0962}.Debug|x86.Build.0 = Debug|Any CPU
		{083D654F-7FC5-47E6-8FEF-6CEDC8BA0962}.Release|Any CPU.ActiveCfg = Release|Any CPU
		{083D654F-7FC5-47E6-8FEF-6CEDC8BA0962}.Release|Any CPU.Build.0 = Release|Any CPU
		{083D654F-7FC5-47E6-8FEF-6CEDC8BA0962}.Release|x64.ActiveCfg = Release|Any CPU
		{083D654F-7FC5-47E6-8FEF-6CEDC8BA0962}.Release|x64.Build.0 = Release|Any CPU
		{083D654F-7FC5-47E6-8FEF-6CEDC8BA0962}.Release|x86.ActiveCfg = Release|Any CPU
		{083D654F-7FC5-47E6-8FEF-6CEDC8BA0962}.Release|x86.Build.0 = Release|Any CPU
		{F2BFB60F-FCA4-4115-8D72-88A213B97006}.Debug|Any CPU.ActiveCfg = Debug|Any CPU
		{F2BFB60F-FCA4-4115-8D72-88A213B97006}.Debug|Any CPU.Build.0 = Debug|Any CPU
		{F2BFB60F-FCA4-4115-8D72-88A213B97006}.Debug|x64.ActiveCfg = Debug|Any CPU
		{F2BFB60F-FCA4-4115-8D72-88A213B97006}.Debug|x64.Build.0 = Debug|Any CPU
		{F2BFB60F-FCA4-4115-8D72-88A213B97006}.Debug|x86.ActiveCfg = Debug|Any CPU
		{F2BFB60F-FCA4-4115-8D72-88A213B97006}.Debug|x86.Build.0 = Debug|Any CPU
		{F2BFB60F-FCA4-4115-8D72-88A213B97006}.Release|Any CPU.ActiveCfg = Release|Any CPU
		{F2BFB60F-FCA4-4115-8D72-88A213B97006}.Release|Any CPU.Build.0 = Release|Any CPU
		{F2BFB60F-FCA4-4115-8D72-88A213B97006}.Release|x64.ActiveCfg = Release|Any CPU
		{F2BFB60F-FCA4-4115-8D72-88A213B97006}.Release|x64.Build.0 = Release|Any CPU
		{F2BFB60F-FCA4-4115-8D72-88A213B97006}.Release|x86.ActiveCfg = Release|Any CPU
		{F2BFB60F-FCA4-4115-8D72-88A213B97006}.Release|x86.Build.0 = Release|Any CPU
		{92AFD9C3-EB6B-415F-B028-CC4809ADDAC8}.Debug|Any CPU.ActiveCfg = Debug|Any CPU
		{92AFD9C3-EB6B-415F-B028-CC4809ADDAC8}.Debug|Any CPU.Build.0 = Debug|Any CPU
		{92AFD9C3-EB6B-415F-B028-CC4809ADDAC8}.Debug|x64.ActiveCfg = Debug|Any CPU
		{92AFD9C3-EB6B-415F-B028-CC4809ADDAC8}.Debug|x64.Build.0 = Debug|Any CPU
		{92AFD9C3-EB6B-415F-B028-CC4809ADDAC8}.Debug|x86.ActiveCfg = Debug|Any CPU
		{92AFD9C3-EB6B-415F-B028-CC4809ADDAC8}.Debug|x86.Build.0 = Debug|Any CPU
		{92AFD9C3-EB6B-415F-B028-CC4809ADDAC8}.Release|Any CPU.ActiveCfg = Release|Any CPU
		{92AFD9C3-EB6B-415F-B028-CC4809ADDAC8}.Release|Any CPU.Build.0 = Release|Any CPU
		{92AFD9C3-EB6B-415F-B028-CC4809ADDAC8}.Release|x64.ActiveCfg = Release|Any CPU
		{92AFD9C3-EB6B-415F-B028-CC4809ADDAC8}.Release|x64.Build.0 = Release|Any CPU
		{92AFD9C3-EB6B-415F-B028-CC4809ADDAC8}.Release|x86.ActiveCfg = Release|Any CPU
		{92AFD9C3-EB6B-415F-B028-CC4809ADDAC8}.Release|x86.Build.0 = Release|Any CPU
		{59E1B735-9079-47D1-B4D6-FDCE0EDC703C}.Debug|Any CPU.ActiveCfg = Debug|Any CPU
		{59E1B735-9079-47D1-B4D6-FDCE0EDC703C}.Debug|Any CPU.Build.0 = Debug|Any CPU
		{59E1B735-9079-47D1-B4D6-FDCE0EDC703C}.Debug|x64.ActiveCfg = Debug|Any CPU
		{59E1B735-9079-47D1-B4D6-FDCE0EDC703C}.Debug|x64.Build.0 = Debug|Any CPU
		{59E1B735-9079-47D1-B4D6-FDCE0EDC703C}.Debug|x86.ActiveCfg = Debug|Any CPU
		{59E1B735-9079-47D1-B4D6-FDCE0EDC703C}.Debug|x86.Build.0 = Debug|Any CPU
		{59E1B735-9079-47D1-B4D6-FDCE0EDC703C}.Release|Any CPU.ActiveCfg = Release|Any CPU
		{59E1B735-9079-47D1-B4D6-FDCE0EDC703C}.Release|Any CPU.Build.0 = Release|Any CPU
		{59E1B735-9079-47D1-B4D6-FDCE0EDC703C}.Release|x64.ActiveCfg = Release|Any CPU
		{59E1B735-9079-47D1-B4D6-FDCE0EDC703C}.Release|x64.Build.0 = Release|Any CPU
		{59E1B735-9079-47D1-B4D6-FDCE0EDC703C}.Release|x86.ActiveCfg = Release|Any CPU
		{59E1B735-9079-47D1-B4D6-FDCE0EDC703C}.Release|x86.Build.0 = Release|Any CPU
		{3B659EB2-DAEE-4A9C-8DDD-5BFB6A7A6669}.Debug|Any CPU.ActiveCfg = Debug|Any CPU
		{3B659EB2-DAEE-4A9C-8DDD-5BFB6A7A6669}.Debug|Any CPU.Build.0 = Debug|Any CPU
		{3B659EB2-DAEE-4A9C-8DDD-5BFB6A7A6669}.Debug|x64.ActiveCfg = Debug|Any CPU
		{3B659EB2-DAEE-4A9C-8DDD-5BFB6A7A6669}.Debug|x64.Build.0 = Debug|Any CPU
		{3B659EB2-DAEE-4A9C-8DDD-5BFB6A7A6669}.Debug|x86.ActiveCfg = Debug|Any CPU
		{3B659EB2-DAEE-4A9C-8DDD-5BFB6A7A6669}.Debug|x86.Build.0 = Debug|Any CPU
		{3B659EB2-DAEE-4A9C-8DDD-5BFB6A7A6669}.Release|Any CPU.ActiveCfg = Release|Any CPU
		{3B659EB2-DAEE-4A9C-8DDD-5BFB6A7A6669}.Release|Any CPU.Build.0 = Release|Any CPU
		{3B659EB2-DAEE-4A9C-8DDD-5BFB6A7A6669}.Release|x64.ActiveCfg = Release|Any CPU
		{3B659EB2-DAEE-4A9C-8DDD-5BFB6A7A6669}.Release|x64.Build.0 = Release|Any CPU
		{3B659EB2-DAEE-4A9C-8DDD-5BFB6A7A6669}.Release|x86.ActiveCfg = Release|Any CPU
		{3B659EB2-DAEE-4A9C-8DDD-5BFB6A7A6669}.Release|x86.Build.0 = Release|Any CPU
	EndGlobalSection
	GlobalSection(SolutionProperties) = preSolution
		HideSolutionNode = FALSE
	EndGlobalSection
	GlobalSection(ExtensibilityGlobals) = postSolution
		SolutionGuid = {0E001C8A-20DE-4928-8582-44DFAAC15E0D}
	EndGlobalSection
EndGlobal
